# This file is automatically @generated by dbc. Not intended for manual editing
version = 1

[[drivers]]
name = 'duckdb'
version = '1.4.0'
platform = 'linux_amd64'
checksum = 'ea2d09040332bf39a9cbb9d07d5ef8786d350a4c127edd717f5263b764aa7a00'

[[drivers]]
name = 'snowflake'
version = '1.8.0'
platform = 'linux_amd64'
checksum = '582fd6383aa5d26ec53fd69c3432ce2ea349ecbaa69dfd6f7882adc4feb404bf'
